
Microsoft Visual Studio Solution File, Format Version 12.00
# Visual Studio Version 17
VisualStudioVersion = 17.3.32825.248
MinimumVisualStudioVersion = 10.0.40219.1
Project("{8BC9CEB8-8B4A-11D0-8D11-00A0C91BC942}") = "Task10", "Task10.vcxproj", "{C0E261CF-FF94-472E-B817-5DE88BB4BA93}"
EndProject
Global
	GlobalSection(SolutionConfigurationPlatforms) = preSolution
		Debug|x64 = Debug|x64
		Debug|x86 = Debug|x86
		Release|x64 = Release|x64
		Release|x86 = Release|x86
	EndGlobalSection
	GlobalSection(ProjectConfigurationPlatforms) = postSolution
		{C0E261CF-FF94-472E-B817-5DE88BB4BA93}.Debug|x64.ActiveCfg = Debug|x64
		{C0E261CF-FF94-472E-B817-5DE88BB4BA93}.Debug|x64.Build.0 = Debug|x64
		{C0E261CF-FF94-472E-B817-5DE88BB4BA93}.Debug|x86.ActiveCfg = Debug|Win32
		{C0E261CF-FF94-472E-B817-5DE88BB4BA93}.Debug|x86.Build.0 = Debug|Win32
		{C0E261CF-FF94-472E-B817-5DE88BB4BA93}.Release|x64.ActiveCfg = Release|x64
		{C0E261CF-FF94-472E-B817-5DE88BB4BA93}.Release|x64.Build.0 = Release|x64
		{C0E261CF-FF94-472E-B817-5DE88BB4BA93}.Release|x86.ActiveCfg = Release|Win32
		{C0E261CF-FF94-472E-B817-5DE88BB4BA93}.Release|x86.Build.0 = Release|Win32
	EndGlobalSection
	GlobalSection(SolutionProperties) = preSolution
		HideSolutionNode = FALSE
	EndGlobalSection
	GlobalSection(ExtensibilityGlobals) = postSolution
		SolutionGuid = {307B0F09-6DBC-4100-B8EE-5B1AF84FA725}
	EndGlobalSection
EndGlobal
