
Microsoft Visual Studio Solution File, Format Version 12.00
# Visual Studio Version 17
VisualStudioVersion = 17.3.32825.248
MinimumVisualStudioVersion = 10.0.40219.1
Project("{8BC9CEB8-8B4A-11D0-8D11-00A0C91BC942}") = "Task8", "Task8.vcxproj", "{4CD29CE8-7D21-4E1C-A50C-9AC188D3ABFA}"
EndProject
Project("{8BC9CEB8-8B4A-11D0-8D11-00A0C91BC942}") = "UT8", "..\UT8\UT8.vcxproj", "{E650F48D-B979-477C-AE68-9CA970316C72}"
EndProject
Global
	GlobalSection(SolutionConfigurationPlatforms) = preSolution
		Debug|x64 = Debug|x64
		Debug|x86 = Debug|x86
		Release|x64 = Release|x64
		Release|x86 = Release|x86
	EndGlobalSection
	GlobalSection(ProjectConfigurationPlatforms) = postSolution
		{4CD29CE8-7D21-4E1C-A50C-9AC188D3ABFA}.Debug|x64.ActiveCfg = Debug|x64
		{4CD29CE8-7D21-4E1C-A50C-9AC188D3ABFA}.Debug|x64.Build.0 = Debug|x64
		{4CD29CE8-7D21-4E1C-A50C-9AC188D3ABFA}.Debug|x86.ActiveCfg = Debug|Win32
		{4CD29CE8-7D21-4E1C-A50C-9AC188D3ABFA}.Debug|x86.Build.0 = Debug|Win32
		{4CD29CE8-7D21-4E1C-A50C-9AC188D3ABFA}.Release|x64.ActiveCfg = Release|x64
		{4CD29CE8-7D21-4E1C-A50C-9AC188D3ABFA}.Release|x64.Build.0 = Release|x64
		{4CD29CE8-7D21-4E1C-A50C-9AC188D3ABFA}.Release|x86.ActiveCfg = Release|Win32
		{4CD29CE8-7D21-4E1C-A50C-9AC188D3ABFA}.Release|x86.Build.0 = Release|Win32
		{E650F48D-B979-477C-AE68-9CA970316C72}.Debug|x64.ActiveCfg = Debug|x64
		{E650F48D-B979-477C-AE68-9CA970316C72}.Debug|x64.Build.0 = Debug|x64
		{E650F48D-B979-477C-AE68-9CA970316C72}.Debug|x86.ActiveCfg = Debug|Win32
		{E650F48D-B979-477C-AE68-9CA970316C72}.Debug|x86.Build.0 = Debug|Win32
		{E650F48D-B979-477C-AE68-9CA970316C72}.Release|x64.ActiveCfg = Release|x64
		{E650F48D-B979-477C-AE68-9CA970316C72}.Release|x64.Build.0 = Release|x64
		{E650F48D-B979-477C-AE68-9CA970316C72}.Release|x86.ActiveCfg = Release|Win32
		{E650F48D-B979-477C-AE68-9CA970316C72}.Release|x86.Build.0 = Release|Win32
	EndGlobalSection
	GlobalSection(SolutionProperties) = preSolution
		HideSolutionNode = FALSE
	EndGlobalSection
	GlobalSection(ExtensibilityGlobals) = postSolution
		SolutionGuid = {1A8EFE19-8EA2-420D-8E0C-C089F93CE6B9}
	EndGlobalSection
EndGlobal
