
Microsoft Visual Studio Solution File, Format Version 12.00
# Visual Studio Version 17
VisualStudioVersion = 17.11.35222.181
MinimumVisualStudioVersion = 10.0.40219.1
Project("{8BC9CEB8-8B4A-11D0-8D11-00A0C91BC942}") = "Server", "Server\Server.vcxproj", "{E143EDBE-B70A-4073-82C7-E8C9D171B546}"
EndProject
Project("{8BC9CEB8-8B4A-11D0-8D11-00A0C91BC942}") = "Client", "Client\Client.vcxproj", "{D771B9FD-6B4D-4692-939E-445F55342429}"
EndProject
Global
	GlobalSection(SolutionConfigurationPlatforms) = preSolution
		Debug|x64 = Debug|x64
		Debug|x86 = Debug|x86
		Release|x64 = Release|x64
		Release|x86 = Release|x86
	EndGlobalSection
	GlobalSection(ProjectConfigurationPlatforms) = postSolution
		{E143EDBE-B70A-4073-82C7-E8C9D171B546}.Debug|x64.ActiveCfg = Debug|x64
		{E143EDBE-B70A-4073-82C7-E8C9D171B546}.Debug|x64.Build.0 = Debug|x64
		{E143EDBE-B70A-4073-82C7-E8C9D171B546}.Debug|x86.ActiveCfg = Debug|Win32
		{E143EDBE-B70A-4073-82C7-E8C9D171B546}.Debug|x86.Build.0 = Debug|Win32
		{E143EDBE-B70A-4073-82C7-E8C9D171B546}.Release|x64.ActiveCfg = Release|x64
		{E143EDBE-B70A-4073-82C7-E8C9D171B546}.Release|x64.Build.0 = Release|x64
		{E143EDBE-B70A-4073-82C7-E8C9D171B546}.Release|x86.ActiveCfg = Release|Win32
		{E143EDBE-B70A-4073-82C7-E8C9D171B546}.Release|x86.Build.0 = Release|Win32
		{D771B9FD-6B4D-4692-939E-445F55342429}.Debug|x64.ActiveCfg = Debug|x64
		{D771B9FD-6B4D-4692-939E-445F55342429}.Debug|x64.Build.0 = Debug|x64
		{D771B9FD-6B4D-4692-939E-445F55342429}.Debug|x86.ActiveCfg = Debug|Win32
		{D771B9FD-6B4D-4692-939E-445F55342429}.Debug|x86.Build.0 = Debug|Win32
		{D771B9FD-6B4D-4692-939E-445F55342429}.Release|x64.ActiveCfg = Release|x64
		{D771B9FD-6B4D-4692-939E-445F55342429}.Release|x64.Build.0 = Release|x64
		{D771B9FD-6B4D-4692-939E-445F55342429}.Release|x86.ActiveCfg = Release|Win32
		{D771B9FD-6B4D-4692-939E-445F55342429}.Release|x86.Build.0 = Release|Win32
	EndGlobalSection
	GlobalSection(SolutionProperties) = preSolution
		HideSolutionNode = FALSE
	EndGlobalSection
	GlobalSection(ExtensibilityGlobals) = postSolution
		SolutionGuid = {C5D76B88-7A13-4639-8641-CE830D207238}
	EndGlobalSection
EndGlobal
