
Microsoft Visual Studio Solution File, Format Version 12.00
# Visual Studio Version 17
VisualStudioVersion = 17.3.32825.248
MinimumVisualStudioVersion = 10.0.40219.1
Project("{8BC9CEB8-8B4A-11D0-8D11-00A0C91BC942}") = "1", "1.vcxproj", "{D3A59361-A6B8-4EDF-9C1E-089AF96A6773}"
EndProject
Global
	GlobalSection(SolutionConfigurationPlatforms) = preSolution
		Debug|x64 = Debug|x64
		Debug|x86 = Debug|x86
		Release|x64 = Release|x64
		Release|x86 = Release|x86
	EndGlobalSection
	GlobalSection(ProjectConfigurationPlatforms) = postSolution
		{D3A59361-A6B8-4EDF-9C1E-089AF96A6773}.Debug|x64.ActiveCfg = Debug|x64
		{D3A59361-A6B8-4EDF-9C1E-089AF96A6773}.Debug|x64.Build.0 = Debug|x64
		{D3A59361-A6B8-4EDF-9C1E-089AF96A6773}.Debug|x86.ActiveCfg = Debug|Win32
		{D3A59361-A6B8-4EDF-9C1E-089AF96A6773}.Debug|x86.Build.0 = Debug|Win32
		{D3A59361-A6B8-4EDF-9C1E-089AF96A6773}.Release|x64.ActiveCfg = Release|x64
		{D3A59361-A6B8-4EDF-9C1E-089AF96A6773}.Release|x64.Build.0 = Release|x64
		{D3A59361-A6B8-4EDF-9C1E-089AF96A6773}.Release|x86.ActiveCfg = Release|Win32
		{D3A59361-A6B8-4EDF-9C1E-089AF96A6773}.Release|x86.Build.0 = Release|Win32
	EndGlobalSection
	GlobalSection(SolutionProperties) = preSolution
		HideSolutionNode = FALSE
	EndGlobalSection
	GlobalSection(ExtensibilityGlobals) = postSolution
		SolutionGuid = {E06ED09A-2EC9-49C4-B6C7-91629F73D9D5}
	EndGlobalSection
EndGlobal
