
Microsoft Visual Studio Solution File, Format Version 12.00
# Visual Studio Version 17
VisualStudioVersion = 17.3.32825.248
MinimumVisualStudioVersion = 10.0.40219.1
Project("{8BC9CEB8-8B4A-11D0-8D11-00A0C91BC942}") = "Task8", "Task8.vcxproj", "{915375E1-A875-48DD-84BF-4D0413DCDFAF}"
EndProject
Global
	GlobalSection(SolutionConfigurationPlatforms) = preSolution
		Debug|x64 = Debug|x64
		Debug|x86 = Debug|x86
		Release|x64 = Release|x64
		Release|x86 = Release|x86
	EndGlobalSection
	GlobalSection(ProjectConfigurationPlatforms) = postSolution
		{915375E1-A875-48DD-84BF-4D0413DCDFAF}.Debug|x64.ActiveCfg = Debug|x64
		{915375E1-A875-48DD-84BF-4D0413DCDFAF}.Debug|x64.Build.0 = Debug|x64
		{915375E1-A875-48DD-84BF-4D0413DCDFAF}.Debug|x86.ActiveCfg = Debug|Win32
		{915375E1-A875-48DD-84BF-4D0413DCDFAF}.Debug|x86.Build.0 = Debug|Win32
		{915375E1-A875-48DD-84BF-4D0413DCDFAF}.Release|x64.ActiveCfg = Release|x64
		{915375E1-A875-48DD-84BF-4D0413DCDFAF}.Release|x64.Build.0 = Release|x64
		{915375E1-A875-48DD-84BF-4D0413DCDFAF}.Release|x86.ActiveCfg = Release|Win32
		{915375E1-A875-48DD-84BF-4D0413DCDFAF}.Release|x86.Build.0 = Release|Win32
	EndGlobalSection
	GlobalSection(SolutionProperties) = preSolution
		HideSolutionNode = FALSE
	EndGlobalSection
	GlobalSection(ExtensibilityGlobals) = postSolution
		SolutionGuid = {132F09FE-3B1E-4158-9A57-AD1B8A7E7C6A}
	EndGlobalSection
EndGlobal
