
Microsoft Visual Studio Solution File, Format Version 12.00
# Visual Studio Version 17
VisualStudioVersion = 17.0.31611.283
MinimumVisualStudioVersion = 10.0.40219.1
Project("{9A19103F-16F7-4668-BE54-9A1E7A4F7556}") = "Bahdanau_153502.UI", "Bahdanau_153502.UI\Bahdanau_153502.UI.csproj", "{B0899267-4762-4967-879E-E81F17E1CCA2}"
EndProject
Project("{9A19103F-16F7-4668-BE54-9A1E7A4F7556}") = "Bahdanau_153502.Domain", "Bahdanau_153502.Domain\Bahdanau_153502.Domain.csproj", "{AEE04EE8-8606-4FFC-8F27-AF2498252EB0}"
EndProject
Project("{9A19103F-16F7-4668-BE54-9A1E7A4F7556}") = "Bahdanau_153502.Application", "Bahdanau_153502.Application\Bahdanau_153502.Application.csproj", "{05F49967-5AC4-4CCB-A7F5-FC92C2549D36}"
EndProject
Project("{9A19103F-16F7-4668-BE54-9A1E7A4F7556}") = "Bahdanau_153502.Persistence", "Bahdanau_153502.Persistence\Bahdanau_153502.Persistence.csproj", "{6309E54D-580D-43BC-BB71-EA82CAECF017}"
EndProject
Project("{2150E333-8FDC-42A3-9474-1A3956D46DE8}") = "Solution Items", "Solution Items", "{8628C109-D55E-469C-9FE9-EFF973D209A4}"
	ProjectSection(SolutionItems) = preProject
		README.md = README.md
	EndProjectSection
EndProject
Global
	GlobalSection(SolutionConfigurationPlatforms) = preSolution
		Debug|Any CPU = Debug|Any CPU
		Release|Any CPU = Release|Any CPU
	EndGlobalSection
	GlobalSection(ProjectConfigurationPlatforms) = postSolution
		{B0899267-4762-4967-879E-E81F17E1CCA2}.Debug|Any CPU.ActiveCfg = Debug|Any CPU
		{B0899267-4762-4967-879E-E81F17E1CCA2}.Debug|Any CPU.Build.0 = Debug|Any CPU
		{B0899267-4762-4967-879E-E81F17E1CCA2}.Debug|Any CPU.Deploy.0 = Debug|Any CPU
		{B0899267-4762-4967-879E-E81F17E1CCA2}.Release|Any CPU.ActiveCfg = Release|Any CPU
		{B0899267-4762-4967-879E-E81F17E1CCA2}.Release|Any CPU.Build.0 = Release|Any CPU
		{B0899267-4762-4967-879E-E81F17E1CCA2}.Release|Any CPU.Deploy.0 = Release|Any CPU
		{AEE04EE8-8606-4FFC-8F27-AF2498252EB0}.Debug|Any CPU.ActiveCfg = Debug|Any CPU
		{AEE04EE8-8606-4FFC-8F27-AF2498252EB0}.Debug|Any CPU.Build.0 = Debug|Any CPU
		{AEE04EE8-8606-4FFC-8F27-AF2498252EB0}.Release|Any CPU.ActiveCfg = Release|Any CPU
		{AEE04EE8-8606-4FFC-8F27-AF2498252EB0}.Release|Any CPU.Build.0 = Release|Any CPU
		{05F49967-5AC4-4CCB-A7F5-FC92C2549D36}.Debug|Any CPU.ActiveCfg = Debug|Any CPU
		{05F49967-5AC4-4CCB-A7F5-FC92C2549D36}.Debug|Any CPU.Build.0 = Debug|Any CPU
		{05F49967-5AC4-4CCB-A7F5-FC92C2549D36}.Release|Any CPU.ActiveCfg = Release|Any CPU
		{05F49967-5AC4-4CCB-A7F5-FC92C2549D36}.Release|Any CPU.Build.0 = Release|Any CPU
		{6309E54D-580D-43BC-BB71-EA82CAECF017}.Debug|Any CPU.ActiveCfg = Debug|Any CPU
		{6309E54D-580D-43BC-BB71-EA82CAECF017}.Debug|Any CPU.Build.0 = Debug|Any CPU
		{6309E54D-580D-43BC-BB71-EA82CAECF017}.Release|Any CPU.ActiveCfg = Release|Any CPU
		{6309E54D-580D-43BC-BB71-EA82CAECF017}.Release|Any CPU.Build.0 = Release|Any CPU
	EndGlobalSection
	GlobalSection(SolutionProperties) = preSolution
		HideSolutionNode = FALSE
	EndGlobalSection
	GlobalSection(ExtensibilityGlobals) = postSolution
		SolutionGuid = {61F7FB11-1E47-470C-91E2-47F8143E1572}
	EndGlobalSection
EndGlobal
