
Microsoft Visual Studio Solution File, Format Version 12.00
# Visual Studio Version 17
VisualStudioVersion = 17.11.35222.181
MinimumVisualStudioVersion = 10.0.40219.1
Project("{888888A0-9F3D-457C-B088-3A5042F75D52}") = "Lab1", "Lab1\Lab1.pyproj", "{4BC9C2AB-B698-4A28-B183-018EE844C6EF}"
EndProject
Global
	GlobalSection(SolutionConfigurationPlatforms) = preSolution
		Debug|Any CPU = Debug|Any CPU
		Release|Any CPU = Release|Any CPU
	EndGlobalSection
	GlobalSection(ProjectConfigurationPlatforms) = postSolution
		{4BC9C2AB-B698-4A28-B183-018EE844C6EF}.Debug|Any CPU.ActiveCfg = Debug|Any CPU
		{4BC9C2AB-B698-4A28-B183-018EE844C6EF}.Release|Any CPU.ActiveCfg = Release|Any CPU
	EndGlobalSection
	GlobalSection(SolutionProperties) = preSolution
		HideSolutionNode = FALSE
	EndGlobalSection
	GlobalSection(ExtensibilityGlobals) = postSolution
		SolutionGuid = {5E756845-5D2D-4D63-A577-A84E55A452CE}
	EndGlobalSection
EndGlobal
