
Microsoft Visual Studio Solution File, Format Version 12.00
# Visual Studio Version 17
VisualStudioVersion = 17.3.32825.248
MinimumVisualStudioVersion = 10.0.40219.1
Project("{8BC9CEB8-8B4A-11D0-8D11-00A0C91BC942}") = "ConsoleApplication1", "ConsoleApplication1.vcxproj", "{9B0DF9EC-8F5D-4231-BB6A-57D2E7C387CA}"
EndProject
Global
	GlobalSection(SolutionConfigurationPlatforms) = preSolution
		Debug|x64 = Debug|x64
		Debug|x86 = Debug|x86
		Release|x64 = Release|x64
		Release|x86 = Release|x86
	EndGlobalSection
	GlobalSection(ProjectConfigurationPlatforms) = postSolution
		{9B0DF9EC-8F5D-4231-BB6A-57D2E7C387CA}.Debug|x64.ActiveCfg = Debug|x64
		{9B0DF9EC-8F5D-4231-BB6A-57D2E7C387CA}.Debug|x64.Build.0 = Debug|x64
		{9B0DF9EC-8F5D-4231-BB6A-57D2E7C387CA}.Debug|x86.ActiveCfg = Debug|Win32
		{9B0DF9EC-8F5D-4231-BB6A-57D2E7C387CA}.Debug|x86.Build.0 = Debug|Win32
		{9B0DF9EC-8F5D-4231-BB6A-57D2E7C387CA}.Release|x64.ActiveCfg = Release|x64
		{9B0DF9EC-8F5D-4231-BB6A-57D2E7C387CA}.Release|x64.Build.0 = Release|x64
		{9B0DF9EC-8F5D-4231-BB6A-57D2E7C387CA}.Release|x86.ActiveCfg = Release|Win32
		{9B0DF9EC-8F5D-4231-BB6A-57D2E7C387CA}.Release|x86.Build.0 = Release|Win32
	EndGlobalSection
	GlobalSection(SolutionProperties) = preSolution
		HideSolutionNode = FALSE
	EndGlobalSection
	GlobalSection(ExtensibilityGlobals) = postSolution
		SolutionGuid = {B0F92958-2D9D-4422-AC5E-563F2B0E88A3}
	EndGlobalSection
EndGlobal
