
Microsoft Visual Studio Solution File, Format Version 12.00
# Visual Studio Version 17
VisualStudioVersion = 17.11.35222.181
MinimumVisualStudioVersion = 10.0.40219.1
Project("{FAE04EC0-301F-11D3-BF4B-00C04F79EFBC}") = "HotelManagementSystem", "HotelManagementSystem\HotelManagementSystem.csproj", "{20874A8D-EA1C-4A38-B58C-4067231F54AD}"
EndProject
Global
	GlobalSection(SolutionConfigurationPlatforms) = preSolution
		Debug|Any CPU = Debug|Any CPU
		Release|Any CPU = Release|Any CPU
	EndGlobalSection
	GlobalSection(ProjectConfigurationPlatforms) = postSolution
		{20874A8D-EA1C-4A38-B58C-4067231F54AD}.Debug|Any CPU.ActiveCfg = Debug|Any CPU
		{20874A8D-EA1C-4A38-B58C-4067231F54AD}.Debug|Any CPU.Build.0 = Debug|Any CPU
		{20874A8D-EA1C-4A38-B58C-4067231F54AD}.Release|Any CPU.ActiveCfg = Release|Any CPU
		{20874A8D-EA1C-4A38-B58C-4067231F54AD}.Release|Any CPU.Build.0 = Release|Any CPU
	EndGlobalSection
	GlobalSection(SolutionProperties) = preSolution
		HideSolutionNode = FALSE
	EndGlobalSection
	GlobalSection(ExtensibilityGlobals) = postSolution
		SolutionGuid = {7E2A6ED5-085B-49F5-A493-51931DD5816B}
	EndGlobalSection
EndGlobal
