
Microsoft Visual Studio Solution File, Format Version 12.00
# Visual Studio Version 17
VisualStudioVersion = 17.3.32825.248
MinimumVisualStudioVersion = 10.0.40219.1
Project("{8BC9CEB8-8B4A-11D0-8D11-00A0C91BC942}") = "Task9", "Task9.vcxproj", "{C977FF82-6F84-4522-897C-B60D07A873AC}"
EndProject
Global
	GlobalSection(SolutionConfigurationPlatforms) = preSolution
		Debug|x64 = Debug|x64
		Debug|x86 = Debug|x86
		Release|x64 = Release|x64
		Release|x86 = Release|x86
	EndGlobalSection
	GlobalSection(ProjectConfigurationPlatforms) = postSolution
		{C977FF82-6F84-4522-897C-B60D07A873AC}.Debug|x64.ActiveCfg = Debug|x64
		{C977FF82-6F84-4522-897C-B60D07A873AC}.Debug|x64.Build.0 = Debug|x64
		{C977FF82-6F84-4522-897C-B60D07A873AC}.Debug|x86.ActiveCfg = Debug|Win32
		{C977FF82-6F84-4522-897C-B60D07A873AC}.Debug|x86.Build.0 = Debug|Win32
		{C977FF82-6F84-4522-897C-B60D07A873AC}.Release|x64.ActiveCfg = Release|x64
		{C977FF82-6F84-4522-897C-B60D07A873AC}.Release|x64.Build.0 = Release|x64
		{C977FF82-6F84-4522-897C-B60D07A873AC}.Release|x86.ActiveCfg = Release|Win32
		{C977FF82-6F84-4522-897C-B60D07A873AC}.Release|x86.Build.0 = Release|Win32
	EndGlobalSection
	GlobalSection(SolutionProperties) = preSolution
		HideSolutionNode = FALSE
	EndGlobalSection
	GlobalSection(ExtensibilityGlobals) = postSolution
		SolutionGuid = {676B0289-E5C8-4DCD-80CE-B5C7AF9AA69F}
	EndGlobalSection
EndGlobal
