
Microsoft Visual Studio Solution File, Format Version 12.00
# Visual Studio Version 17
VisualStudioVersion = 17.7.34221.43
MinimumVisualStudioVersion = 10.0.40219.1
Project("{FAE04EC0-301F-11D3-BF4B-00C04F79EFBC}") = "lab8", "lab8.csproj", "{3B129818-A09B-4229-8FEB-F7A0575C2C1D}"
EndProject
Global
	GlobalSection(SolutionConfigurationPlatforms) = preSolution
		Debug|Any CPU = Debug|Any CPU
		Release|Any CPU = Release|Any CPU
	EndGlobalSection
	GlobalSection(ProjectConfigurationPlatforms) = postSolution
		{3B129818-A09B-4229-8FEB-F7A0575C2C1D}.Debug|Any CPU.ActiveCfg = Debug|Any CPU
		{3B129818-A09B-4229-8FEB-F7A0575C2C1D}.Debug|Any CPU.Build.0 = Debug|Any CPU
		{3B129818-A09B-4229-8FEB-F7A0575C2C1D}.Release|Any CPU.ActiveCfg = Release|Any CPU
		{3B129818-A09B-4229-8FEB-F7A0575C2C1D}.Release|Any CPU.Build.0 = Release|Any CPU
	EndGlobalSection
	GlobalSection(SolutionProperties) = preSolution
		HideSolutionNode = FALSE
	EndGlobalSection
	GlobalSection(ExtensibilityGlobals) = postSolution
		SolutionGuid = {944FCA10-146E-44E8-BBE4-FCA68BF9A274}
	EndGlobalSection
EndGlobal
