
Microsoft Visual Studio Solution File, Format Version 12.00
# Visual Studio Version 17
VisualStudioVersion = 17.3.32825.248
MinimumVisualStudioVersion = 10.0.40219.1
Project("{8BC9CEB8-8B4A-11D0-8D11-00A0C91BC942}") = "Task3", "..\Task3\Task3.vcxproj", "{C1244E7E-D113-4C35-801A-7C920FF09C48}"
EndProject
Project("{8BC9CEB8-8B4A-11D0-8D11-00A0C91BC942}") = "Task4", "..\Task4\Task4.vcxproj", "{C249D45F-9AA0-4A74-87F8-AA311979B8CF}"
EndProject
Project("{8BC9CEB8-8B4A-11D0-8D11-00A0C91BC942}") = "UT4", "..\UT4\UT4.vcxproj", "{EB06B4D0-8EB3-49C8-90B9-00E52E3EE589}"
EndProject
Project("{8BC9CEB8-8B4A-11D0-8D11-00A0C91BC942}") = "Task5", "..\Task5\Task5.vcxproj", "{1862AE40-3EA3-485F-BA1A-EF3F709A0173}"
EndProject
Project("{8BC9CEB8-8B4A-11D0-8D11-00A0C91BC942}") = "UT5", "..\UT5\UT5.vcxproj", "{D2357811-C194-4876-9145-9B5FE160502C}"
EndProject
Project("{8BC9CEB8-8B4A-11D0-8D11-00A0C91BC942}") = "Task8", "..\Task8\Task8.vcxproj", "{4CD29CE8-7D21-4E1C-A50C-9AC188D3ABFA}"
EndProject
Project("{8BC9CEB8-8B4A-11D0-8D11-00A0C91BC942}") = "UT8", "..\UT8\UT8.vcxproj", "{E650F48D-B979-477C-AE68-9CA970316C72}"
EndProject
Project("{8BC9CEB8-8B4A-11D0-8D11-00A0C91BC942}") = "Task1", "..\Task1\Task1.vcxproj", "{AF7405D3-2DE4-4889-948C-A3417930E94E}"
EndProject
Project("{8BC9CEB8-8B4A-11D0-8D11-00A0C91BC942}") = "Task2", "..\Task2\Task2.vcxproj", "{E38A1AA1-7BFA-47D2-A35C-152BB3A13A8F}"
EndProject
Project("{8BC9CEB8-8B4A-11D0-8D11-00A0C91BC942}") = "Task6", "..\Task6\Task6.vcxproj", "{572DBB5B-4CD2-4BA2-987B-9B20CEDED4F5}"
EndProject
Project("{8BC9CEB8-8B4A-11D0-8D11-00A0C91BC942}") = "Task9", "..\Task9\Task9.vcxproj", "{740FC387-2AED-4C76-8300-2F559D868A18}"
EndProject
Project("{8BC9CEB8-8B4A-11D0-8D11-00A0C91BC942}") = "Task7", "..\Task7\Task7.vcxproj", "{856B4747-B553-4E00-83DE-53F8A0AE0C77}"
EndProject
Project("{8BC9CEB8-8B4A-11D0-8D11-00A0C91BC942}") = "UT7", "..\UT7\UT7.vcxproj", "{5E0268CA-870C-46E7-BC6B-D2BF0069C814}"
EndProject
Global
	GlobalSection(SolutionConfigurationPlatforms) = preSolution
		Debug|x64 = Debug|x64
		Debug|x86 = Debug|x86
		Release|x64 = Release|x64
		Release|x86 = Release|x86
	EndGlobalSection
	GlobalSection(ProjectConfigurationPlatforms) = postSolution
		{C1244E7E-D113-4C35-801A-7C920FF09C48}.Debug|x64.ActiveCfg = Debug|x64
		{C1244E7E-D113-4C35-801A-7C920FF09C48}.Debug|x64.Build.0 = Debug|x64
		{C1244E7E-D113-4C35-801A-7C920FF09C48}.Debug|x86.ActiveCfg = Debug|Win32
		{C1244E7E-D113-4C35-801A-7C920FF09C48}.Debug|x86.Build.0 = Debug|Win32
		{C1244E7E-D113-4C35-801A-7C920FF09C48}.Release|x64.ActiveCfg = Release|x64
		{C1244E7E-D113-4C35-801A-7C920FF09C48}.Release|x64.Build.0 = Release|x64
		{C1244E7E-D113-4C35-801A-7C920FF09C48}.Release|x86.ActiveCfg = Release|Win32
		{C1244E7E-D113-4C35-801A-7C920FF09C48}.Release|x86.Build.0 = Release|Win32
		{C249D45F-9AA0-4A74-87F8-AA311979B8CF}.Debug|x64.ActiveCfg = Debug|x64
		{C249D45F-9AA0-4A74-87F8-AA311979B8CF}.Debug|x64.Build.0 = Debug|x64
		{C249D45F-9AA0-4A74-87F8-AA311979B8CF}.Debug|x86.ActiveCfg = Debug|Win32
		{C249D45F-9AA0-4A74-87F8-AA311979B8CF}.Debug|x86.Build.0 = Debug|Win32
		{C249D45F-9AA0-4A74-87F8-AA311979B8CF}.Release|x64.ActiveCfg = Release|x64
		{C249D45F-9AA0-4A74-87F8-AA311979B8CF}.Release|x64.Build.0 = Release|x64
		{C249D45F-9AA0-4A74-87F8-AA311979B8CF}.Release|x86.ActiveCfg = Release|Win32
		{C249D45F-9AA0-4A74-87F8-AA311979B8CF}.Release|x86.Build.0 = Release|Win32
		{EB06B4D0-8EB3-49C8-90B9-00E52E3EE589}.Debug|x64.ActiveCfg = Debug|x64
		{EB06B4D0-8EB3-49C8-90B9-00E52E3EE589}.Debug|x64.Build.0 = Debug|x64
		{EB06B4D0-8EB3-49C8-90B9-00E52E3EE589}.Debug|x86.ActiveCfg = Debug|Win32
		{EB06B4D0-8EB3-49C8-90B9-00E52E3EE589}.Debug|x86.Build.0 = Debug|Win32
		{EB06B4D0-8EB3-49C8-90B9-00E52E3EE589}.Release|x64.ActiveCfg = Release|x64
		{EB06B4D0-8EB3-49C8-90B9-00E52E3EE589}.Release|x64.Build.0 = Release|x64
		{EB06B4D0-8EB3-49C8-90B9-00E52E3EE589}.Release|x86.ActiveCfg = Release|Win32
		{EB06B4D0-8EB3-49C8-90B9-00E52E3EE589}.Release|x86.Build.0 = Release|Win32
		{1862AE40-3EA3-485F-BA1A-EF3F709A0173}.Debug|x64.ActiveCfg = Debug|x64
		{1862AE40-3EA3-485F-BA1A-EF3F709A0173}.Debug|x64.Build.0 = Debug|x64
		{1862AE40-3EA3-485F-BA1A-EF3F709A0173}.Debug|x86.ActiveCfg = Debug|Win32
		{1862AE40-3EA3-485F-BA1A-EF3F709A0173}.Debug|x86.Build.0 = Debug|Win32
		{1862AE40-3EA3-485F-BA1A-EF3F709A0173}.Release|x64.ActiveCfg = Release|x64
		{1862AE40-3EA3-485F-BA1A-EF3F709A0173}.Release|x64.Build.0 = Release|x64
		{1862AE40-3EA3-485F-BA1A-EF3F709A0173}.Release|x86.ActiveCfg = Release|Win32
		{1862AE40-3EA3-485F-BA1A-EF3F709A0173}.Release|x86.Build.0 = Release|Win32
		{D2357811-C194-4876-9145-9B5FE160502C}.Debug|x64.ActiveCfg = Debug|x64
		{D2357811-C194-4876-9145-9B5FE160502C}.Debug|x64.Build.0 = Debug|x64
		{D2357811-C194-4876-9145-9B5FE160502C}.Debug|x86.ActiveCfg = Debug|Win32
		{D2357811-C194-4876-9145-9B5FE160502C}.Debug|x86.Build.0 = Debug|Win32
		{D2357811-C194-4876-9145-9B5FE160502C}.Release|x64.ActiveCfg = Release|x64
		{D2357811-C194-4876-9145-9B5FE160502C}.Release|x64.Build.0 = Release|x64
		{D2357811-C194-4876-9145-9B5FE160502C}.Release|x86.ActiveCfg = Release|Win32
		{D2357811-C194-4876-9145-9B5FE160502C}.Release|x86.Build.0 = Release|Win32
		{4CD29CE8-7D21-4E1C-A50C-9AC188D3ABFA}.Debug|x64.ActiveCfg = Debug|x64
		{4CD29CE8-7D21-4E1C-A50C-9AC188D3ABFA}.Debug|x64.Build.0 = Debug|x64
		{4CD29CE8-7D21-4E1C-A50C-9AC188D3ABFA}.Debug|x86.ActiveCfg = Debug|Win32
		{4CD29CE8-7D21-4E1C-A50C-9AC188D3ABFA}.Debug|x86.Build.0 = Debug|Win32
		{4CD29CE8-7D21-4E1C-A50C-9AC188D3ABFA}.Release|x64.ActiveCfg = Release|x64
		{4CD29CE8-7D21-4E1C-A50C-9AC188D3ABFA}.Release|x64.Build.0 = Release|x64
		{4CD29CE8-7D21-4E1C-A50C-9AC188D3ABFA}.Release|x86.ActiveCfg = Release|Win32
		{4CD29CE8-7D21-4E1C-A50C-9AC188D3ABFA}.Release|x86.Build.0 = Release|Win32
		{E650F48D-B979-477C-AE68-9CA970316C72}.Debug|x64.ActiveCfg = Debug|x64
		{E650F48D-B979-477C-AE68-9CA970316C72}.Debug|x64.Build.0 = Debug|x64
		{E650F48D-B979-477C-AE68-9CA970316C72}.Debug|x86.ActiveCfg = Debug|Win32
		{E650F48D-B979-477C-AE68-9CA970316C72}.Debug|x86.Build.0 = Debug|Win32
		{E650F48D-B979-477C-AE68-9CA970316C72}.Release|x64.ActiveCfg = Release|x64
		{E650F48D-B979-477C-AE68-9CA970316C72}.Release|x64.Build.0 = Release|x64
		{E650F48D-B979-477C-AE68-9CA970316C72}.Release|x86.ActiveCfg = Release|Win32
		{E650F48D-B979-477C-AE68-9CA970316C72}.Release|x86.Build.0 = Release|Win32
		{AF7405D3-2DE4-4889-948C-A3417930E94E}.Debug|x64.ActiveCfg = Debug|x64
		{AF7405D3-2DE4-4889-948C-A3417930E94E}.Debug|x64.Build.0 = Debug|x64
		{AF7405D3-2DE4-4889-948C-A3417930E94E}.Debug|x86.ActiveCfg = Debug|Win32
		{AF7405D3-2DE4-4889-948C-A3417930E94E}.Debug|x86.Build.0 = Debug|Win32
		{AF7405D3-2DE4-4889-948C-A3417930E94E}.Release|x64.ActiveCfg = Release|x64
		{AF7405D3-2DE4-4889-948C-A3417930E94E}.Release|x64.Build.0 = Release|x64
		{AF7405D3-2DE4-4889-948C-A3417930E94E}.Release|x86.ActiveCfg = Release|Win32
		{AF7405D3-2DE4-4889-948C-A3417930E94E}.Release|x86.Build.0 = Release|Win32
		{E38A1AA1-7BFA-47D2-A35C-152BB3A13A8F}.Debug|x64.ActiveCfg = Debug|x64
		{E38A1AA1-7BFA-47D2-A35C-152BB3A13A8F}.Debug|x64.Build.0 = Debug|x64
		{E38A1AA1-7BFA-47D2-A35C-152BB3A13A8F}.Debug|x86.ActiveCfg = Debug|Win32
		{E38A1AA1-7BFA-47D2-A35C-152BB3A13A8F}.Debug|x86.Build.0 = Debug|Win32
		{E38A1AA1-7BFA-47D2-A35C-152BB3A13A8F}.Release|x64.ActiveCfg = Release|x64
		{E38A1AA1-7BFA-47D2-A35C-152BB3A13A8F}.Release|x64.Build.0 = Release|x64
		{E38A1AA1-7BFA-47D2-A35C-152BB3A13A8F}.Release|x86.ActiveCfg = Release|Win32
		{E38A1AA1-7BFA-47D2-A35C-152BB3A13A8F}.Release|x86.Build.0 = Release|Win32
		{572DBB5B-4CD2-4BA2-987B-9B20CEDED4F5}.Debug|x64.ActiveCfg = Debug|x64
		{572DBB5B-4CD2-4BA2-987B-9B20CEDED4F5}.Debug|x64.Build.0 = Debug|x64
		{572DBB5B-4CD2-4BA2-987B-9B20CEDED4F5}.Debug|x86.ActiveCfg = Debug|Win32
		{572DBB5B-4CD2-4BA2-987B-9B20CEDED4F5}.Debug|x86.Build.0 = Debug|Win32
		{572DBB5B-4CD2-4BA2-987B-9B20CEDED4F5}.Release|x64.ActiveCfg = Release|x64
		{572DBB5B-4CD2-4BA2-987B-9B20CEDED4F5}.Release|x64.Build.0 = Release|x64
		{572DBB5B-4CD2-4BA2-987B-9B20CEDED4F5}.Release|x86.ActiveCfg = Release|Win32
		{572DBB5B-4CD2-4BA2-987B-9B20CEDED4F5}.Release|x86.Build.0 = Release|Win32
		{740FC387-2AED-4C76-8300-2F559D868A18}.Debug|x64.ActiveCfg = Debug|x64
		{740FC387-2AED-4C76-8300-2F559D868A18}.Debug|x64.Build.0 = Debug|x64
		{740FC387-2AED-4C76-8300-2F559D868A18}.Debug|x86.ActiveCfg = Debug|Win32
		{740FC387-2AED-4C76-8300-2F559D868A18}.Debug|x86.Build.0 = Debug|Win32
		{740FC387-2AED-4C76-8300-2F559D868A18}.Release|x64.ActiveCfg = Release|x64
		{740FC387-2AED-4C76-8300-2F559D868A18}.Release|x64.Build.0 = Release|x64
		{740FC387-2AED-4C76-8300-2F559D868A18}.Release|x86.ActiveCfg = Release|Win32
		{740FC387-2AED-4C76-8300-2F559D868A18}.Release|x86.Build.0 = Release|Win32
		{856B4747-B553-4E00-83DE-53F8A0AE0C77}.Debug|x64.ActiveCfg = Debug|x64
		{856B4747-B553-4E00-83DE-53F8A0AE0C77}.Debug|x64.Build.0 = Debug|x64
		{856B4747-B553-4E00-83DE-53F8A0AE0C77}.Debug|x86.ActiveCfg = Debug|Win32
		{856B4747-B553-4E00-83DE-53F8A0AE0C77}.Debug|x86.Build.0 = Debug|Win32
		{856B4747-B553-4E00-83DE-53F8A0AE0C77}.Release|x64.ActiveCfg = Release|x64
		{856B4747-B553-4E00-83DE-53F8A0AE0C77}.Release|x64.Build.0 = Release|x64
		{856B4747-B553-4E00-83DE-53F8A0AE0C77}.Release|x86.ActiveCfg = Release|Win32
		{856B4747-B553-4E00-83DE-53F8A0AE0C77}.Release|x86.Build.0 = Release|Win32
		{5E0268CA-870C-46E7-BC6B-D2BF0069C814}.Debug|x64.ActiveCfg = Debug|x64
		{5E0268CA-870C-46E7-BC6B-D2BF0069C814}.Debug|x64.Build.0 = Debug|x64
		{5E0268CA-870C-46E7-BC6B-D2BF0069C814}.Debug|x86.ActiveCfg = Debug|Win32
		{5E0268CA-870C-46E7-BC6B-D2BF0069C814}.Debug|x86.Build.0 = Debug|Win32
		{5E0268CA-870C-46E7-BC6B-D2BF0069C814}.Release|x64.ActiveCfg = Release|x64
		{5E0268CA-870C-46E7-BC6B-D2BF0069C814}.Release|x64.Build.0 = Release|x64
		{5E0268CA-870C-46E7-BC6B-D2BF0069C814}.Release|x86.ActiveCfg = Release|Win32
		{5E0268CA-870C-46E7-BC6B-D2BF0069C814}.Release|x86.Build.0 = Release|Win32
	EndGlobalSection
	GlobalSection(SolutionProperties) = preSolution
		HideSolutionNode = FALSE
	EndGlobalSection
	GlobalSection(ExtensibilityGlobals) = postSolution
		SolutionGuid = {BEC4AAD4-FD27-4582-AD51-3B4F2B879A8F}
	EndGlobalSection
EndGlobal
