
Microsoft Visual Studio Solution File, Format Version 12.00
# Visual Studio Version 17
VisualStudioVersion = 17.7.34202.233
MinimumVisualStudioVersion = 10.0.40219.1
Project("{FAE04EC0-301F-11D3-BF4B-00C04F79EFBC}") = "253502_Lishyk_Lab6", "253502_Lishyk_Lab6.csproj", "{E17691BC-EFE5-47D4-AA5E-FA48E4620AA2}"
EndProject
Global
	GlobalSection(SolutionConfigurationPlatforms) = preSolution
		Debug|Any CPU = Debug|Any CPU
		Release|Any CPU = Release|Any CPU
	EndGlobalSection
	GlobalSection(ProjectConfigurationPlatforms) = postSolution
		{E17691BC-EFE5-47D4-AA5E-FA48E4620AA2}.Debug|Any CPU.ActiveCfg = Debug|Any CPU
		{E17691BC-EFE5-47D4-AA5E-FA48E4620AA2}.Debug|Any CPU.Build.0 = Debug|Any CPU
		{E17691BC-EFE5-47D4-AA5E-FA48E4620AA2}.Release|Any CPU.ActiveCfg = Release|Any CPU
		{E17691BC-EFE5-47D4-AA5E-FA48E4620AA2}.Release|Any CPU.Build.0 = Release|Any CPU
	EndGlobalSection
	GlobalSection(SolutionProperties) = preSolution
		HideSolutionNode = FALSE
	EndGlobalSection
	GlobalSection(ExtensibilityGlobals) = postSolution
		SolutionGuid = {0F6FF106-CD7D-48AB-8724-C41C03B709B5}
	EndGlobalSection
EndGlobal
