
Microsoft Visual Studio Solution File, Format Version 12.00
# Visual Studio Version 17
VisualStudioVersion = 17.7.34024.191
MinimumVisualStudioVersion = 10.0.40219.1
Project("{FAE04EC0-301F-11D3-BF4B-00C04F79EFBC}") = "253502_Lishyk_Lab4", "253502_Lishyk_Lab4.csproj", "{6B3466D4-9BF7-41DD-95BD-F51980306CA9}"
EndProject
Global
	GlobalSection(SolutionConfigurationPlatforms) = preSolution
		Debug|Any CPU = Debug|Any CPU
		Release|Any CPU = Release|Any CPU
	EndGlobalSection
	GlobalSection(ProjectConfigurationPlatforms) = postSolution
		{6B3466D4-9BF7-41DD-95BD-F51980306CA9}.Debug|Any CPU.ActiveCfg = Debug|Any CPU
		{6B3466D4-9BF7-41DD-95BD-F51980306CA9}.Debug|Any CPU.Build.0 = Debug|Any CPU
		{6B3466D4-9BF7-41DD-95BD-F51980306CA9}.Release|Any CPU.ActiveCfg = Release|Any CPU
		{6B3466D4-9BF7-41DD-95BD-F51980306CA9}.Release|Any CPU.Build.0 = Release|Any CPU
	EndGlobalSection
	GlobalSection(SolutionProperties) = preSolution
		HideSolutionNode = FALSE
	EndGlobalSection
	GlobalSection(ExtensibilityGlobals) = postSolution
		SolutionGuid = {E2284110-C3F6-4898-8B7F-17A40C76E299}
	EndGlobalSection
EndGlobal
