
Microsoft Visual Studio Solution File, Format Version 12.00
# Visual Studio Version 17
VisualStudioVersion = 17.7.34221.43
MinimumVisualStudioVersion = 10.0.40219.1
Project("{888888A0-9F3D-457C-B088-3A5042F75D52}") = "Lab5P", "Lab5P.pyproj", "{2B24AFFA-E493-4932-8878-10193A06D543}"
EndProject
Global
	GlobalSection(SolutionConfigurationPlatforms) = preSolution
		Debug|Any CPU = Debug|Any CPU
		Release|Any CPU = Release|Any CPU
	EndGlobalSection
	GlobalSection(ProjectConfigurationPlatforms) = postSolution
		{2B24AFFA-E493-4932-8878-10193A06D543}.Debug|Any CPU.ActiveCfg = Debug|Any CPU
		{2B24AFFA-E493-4932-8878-10193A06D543}.Release|Any CPU.ActiveCfg = Release|Any CPU
	EndGlobalSection
	GlobalSection(SolutionProperties) = preSolution
		HideSolutionNode = FALSE
	EndGlobalSection
	GlobalSection(ExtensibilityGlobals) = postSolution
		SolutionGuid = {B4DAD5D4-D1A0-482F-837B-333076E90055}
	EndGlobalSection
EndGlobal
