
Microsoft Visual Studio Solution File, Format Version 12.00
# Visual Studio Version 17
VisualStudioVersion = 17.11.35222.181
MinimumVisualStudioVersion = 10.0.40219.1
Project("{FAE04EC0-301F-11D3-BF4B-00C04F79EFBC}") = "Laba4", "Laba4\Laba4.csproj", "{590A8329-FFD6-488E-A9D2-6E69C1DF65E1}"
EndProject
Global
	GlobalSection(SolutionConfigurationPlatforms) = preSolution
		Debug|Any CPU = Debug|Any CPU
		Release|Any CPU = Release|Any CPU
	EndGlobalSection
	GlobalSection(ProjectConfigurationPlatforms) = postSolution
		{590A8329-FFD6-488E-A9D2-6E69C1DF65E1}.Debug|Any CPU.ActiveCfg = Debug|Any CPU
		{590A8329-FFD6-488E-A9D2-6E69C1DF65E1}.Debug|Any CPU.Build.0 = Debug|Any CPU
		{590A8329-FFD6-488E-A9D2-6E69C1DF65E1}.Release|Any CPU.ActiveCfg = Release|Any CPU
		{590A8329-FFD6-488E-A9D2-6E69C1DF65E1}.Release|Any CPU.Build.0 = Release|Any CPU
	EndGlobalSection
	GlobalSection(SolutionProperties) = preSolution
		HideSolutionNode = FALSE
	EndGlobalSection
	GlobalSection(ExtensibilityGlobals) = postSolution
		SolutionGuid = {5ED4C934-3C07-47F5-896E-BD576C270EB4}
	EndGlobalSection
EndGlobal
