
Microsoft Visual Studio Solution File, Format Version 12.00
# Visual Studio Version 17
VisualStudioVersion = 17.3.32825.248
MinimumVisualStudioVersion = 10.0.40219.1
Project("{8BC9CEB8-8B4A-11D0-8D11-00A0C91BC942}") = "Task8", "Task8.vcxproj", "{538133DC-3ADC-45E7-8143-7F2A2E432878}"
EndProject
Global
	GlobalSection(SolutionConfigurationPlatforms) = preSolution
		Debug|x64 = Debug|x64
		Debug|x86 = Debug|x86
		Release|x64 = Release|x64
		Release|x86 = Release|x86
	EndGlobalSection
	GlobalSection(ProjectConfigurationPlatforms) = postSolution
		{538133DC-3ADC-45E7-8143-7F2A2E432878}.Debug|x64.ActiveCfg = Debug|x64
		{538133DC-3ADC-45E7-8143-7F2A2E432878}.Debug|x64.Build.0 = Debug|x64
		{538133DC-3ADC-45E7-8143-7F2A2E432878}.Debug|x86.ActiveCfg = Debug|Win32
		{538133DC-3ADC-45E7-8143-7F2A2E432878}.Debug|x86.Build.0 = Debug|Win32
		{538133DC-3ADC-45E7-8143-7F2A2E432878}.Release|x64.ActiveCfg = Release|x64
		{538133DC-3ADC-45E7-8143-7F2A2E432878}.Release|x64.Build.0 = Release|x64
		{538133DC-3ADC-45E7-8143-7F2A2E432878}.Release|x86.ActiveCfg = Release|Win32
		{538133DC-3ADC-45E7-8143-7F2A2E432878}.Release|x86.Build.0 = Release|Win32
	EndGlobalSection
	GlobalSection(SolutionProperties) = preSolution
		HideSolutionNode = FALSE
	EndGlobalSection
	GlobalSection(ExtensibilityGlobals) = postSolution
		SolutionGuid = {35C31E86-33DB-4C5F-9AAF-B06059AFEFFD}
	EndGlobalSection
EndGlobal
