
Microsoft Visual Studio Solution File, Format Version 12.00
# Visual Studio Version 17
VisualStudioVersion = 17.3.32825.248
MinimumVisualStudioVersion = 10.0.40219.1
Project("{8BC9CEB8-8B4A-11D0-8D11-00A0C91BC942}") = "Task8", "Task8.vcxproj", "{1FAFB9D2-D985-4AFC-B2D8-F666900A1C3C}"
EndProject
Project("{8BC9CEB8-8B4A-11D0-8D11-00A0C91BC942}") = "UT8", "..\UT8\Test-Task8.vcxproj", "{9FDFE5CB-C49E-4A03-B435-75A12F4BEC7A}"
EndProject
Global
	GlobalSection(SolutionConfigurationPlatforms) = preSolution
		Debug|x64 = Debug|x64
		Debug|x86 = Debug|x86
		Release|x64 = Release|x64
		Release|x86 = Release|x86
	EndGlobalSection
	GlobalSection(ProjectConfigurationPlatforms) = postSolution
		{1FAFB9D2-D985-4AFC-B2D8-F666900A1C3C}.Debug|x64.ActiveCfg = Debug|x64
		{1FAFB9D2-D985-4AFC-B2D8-F666900A1C3C}.Debug|x64.Build.0 = Debug|x64
		{1FAFB9D2-D985-4AFC-B2D8-F666900A1C3C}.Debug|x86.ActiveCfg = Debug|Win32
		{1FAFB9D2-D985-4AFC-B2D8-F666900A1C3C}.Debug|x86.Build.0 = Debug|Win32
		{1FAFB9D2-D985-4AFC-B2D8-F666900A1C3C}.Release|x64.ActiveCfg = Release|x64
		{1FAFB9D2-D985-4AFC-B2D8-F666900A1C3C}.Release|x64.Build.0 = Release|x64
		{1FAFB9D2-D985-4AFC-B2D8-F666900A1C3C}.Release|x86.ActiveCfg = Release|Win32
		{1FAFB9D2-D985-4AFC-B2D8-F666900A1C3C}.Release|x86.Build.0 = Release|Win32
		{9FDFE5CB-C49E-4A03-B435-75A12F4BEC7A}.Debug|x64.ActiveCfg = Debug|x64
		{9FDFE5CB-C49E-4A03-B435-75A12F4BEC7A}.Debug|x64.Build.0 = Debug|x64
		{9FDFE5CB-C49E-4A03-B435-75A12F4BEC7A}.Debug|x86.ActiveCfg = Debug|Win32
		{9FDFE5CB-C49E-4A03-B435-75A12F4BEC7A}.Debug|x86.Build.0 = Debug|Win32
		{9FDFE5CB-C49E-4A03-B435-75A12F4BEC7A}.Release|x64.ActiveCfg = Release|x64
		{9FDFE5CB-C49E-4A03-B435-75A12F4BEC7A}.Release|x64.Build.0 = Release|x64
		{9FDFE5CB-C49E-4A03-B435-75A12F4BEC7A}.Release|x86.ActiveCfg = Release|Win32
		{9FDFE5CB-C49E-4A03-B435-75A12F4BEC7A}.Release|x86.Build.0 = Release|Win32
	EndGlobalSection
	GlobalSection(SolutionProperties) = preSolution
		HideSolutionNode = FALSE
	EndGlobalSection
	GlobalSection(ExtensibilityGlobals) = postSolution
		SolutionGuid = {B9C4EA50-1D7E-4738-B4BC-E809EC1AF4EE}
	EndGlobalSection
EndGlobal
