
Microsoft Visual Studio Solution File, Format Version 12.00
# Visual Studio Version 17
VisualStudioVersion = 17.3.32825.248
MinimumVisualStudioVersion = 10.0.40219.1
Project("{8BC9CEB8-8B4A-11D0-8D11-00A0C91BC942}") = "Task1", "..\Task1\Task1.vcxproj", "{AA7FAC35-1293-49A6-90FB-841CF5BFC00C}"
EndProject
Project("{8BC9CEB8-8B4A-11D0-8D11-00A0C91BC942}") = "Task2", "..\Task2\Task2.vcxproj", "{B8ABC302-E9B5-4732-BE68-19F074A8E495}"
EndProject
Project("{8BC9CEB8-8B4A-11D0-8D11-00A0C91BC942}") = "Task3", "..\Task3\Task3.vcxproj", "{B178D938-F4CB-486A-B2D1-9FC8805B0A8F}"
EndProject
Project("{8BC9CEB8-8B4A-11D0-8D11-00A0C91BC942}") = "Task5", "..\Task5\Task5.vcxproj", "{DEE29E45-D86A-40AB-939C-B5BC9FDA747D}"
EndProject
Project("{8BC9CEB8-8B4A-11D0-8D11-00A0C91BC942}") = "Task6", "..\Task6\Task6.vcxproj", "{9411A156-3782-4CA5-8288-DFBFA1062301}"
EndProject
Project("{8BC9CEB8-8B4A-11D0-8D11-00A0C91BC942}") = "Task7", "..\Task7\Task7.vcxproj", "{731A8558-281E-4F30-8E4C-A5385BCBFB3E}"
EndProject
Project("{8BC9CEB8-8B4A-11D0-8D11-00A0C91BC942}") = "Task8", "..\Task8\Task8.vcxproj", "{1FAFB9D2-D985-4AFC-B2D8-F666900A1C3C}"
EndProject
Project("{8BC9CEB8-8B4A-11D0-8D11-00A0C91BC942}") = "UT5", "..\UT5\UT5.vcxproj", "{CA096324-8CCE-46AE-A223-A36B879A4B82}"
EndProject
Project("{8BC9CEB8-8B4A-11D0-8D11-00A0C91BC942}") = "UT6", "..\UT6\UT6.vcxproj", "{A6270C65-BF53-4008-AB26-DB1006EBF4B9}"
EndProject
Project("{8BC9CEB8-8B4A-11D0-8D11-00A0C91BC942}") = "UT7", "..\UT7\UT7.vcxproj", "{6F2327B9-F507-4494-ABC0-8FCCA6D11DC6}"
EndProject
Project("{8BC9CEB8-8B4A-11D0-8D11-00A0C91BC942}") = "UT8", "..\UT8\Test-Task8.vcxproj", "{9FDFE5CB-C49E-4A03-B435-75A12F4BEC7A}"
EndProject
Project("{8BC9CEB8-8B4A-11D0-8D11-00A0C91BC942}") = "Task4", "..\Task4\Task4.vcxproj", "{A82A6734-A9A4-4716-853D-E560E8A300C8}"
EndProject
Global
	GlobalSection(SolutionConfigurationPlatforms) = preSolution
		Debug|x64 = Debug|x64
		Debug|x86 = Debug|x86
		Release|x64 = Release|x64
		Release|x86 = Release|x86
	EndGlobalSection
	GlobalSection(ProjectConfigurationPlatforms) = postSolution
		{AA7FAC35-1293-49A6-90FB-841CF5BFC00C}.Debug|x64.ActiveCfg = Debug|x64
		{AA7FAC35-1293-49A6-90FB-841CF5BFC00C}.Debug|x64.Build.0 = Debug|x64
		{AA7FAC35-1293-49A6-90FB-841CF5BFC00C}.Debug|x86.ActiveCfg = Debug|Win32
		{AA7FAC35-1293-49A6-90FB-841CF5BFC00C}.Debug|x86.Build.0 = Debug|Win32
		{AA7FAC35-1293-49A6-90FB-841CF5BFC00C}.Release|x64.ActiveCfg = Release|x64
		{AA7FAC35-1293-49A6-90FB-841CF5BFC00C}.Release|x64.Build.0 = Release|x64
		{AA7FAC35-1293-49A6-90FB-841CF5BFC00C}.Release|x86.ActiveCfg = Release|Win32
		{AA7FAC35-1293-49A6-90FB-841CF5BFC00C}.Release|x86.Build.0 = Release|Win32
		{B8ABC302-E9B5-4732-BE68-19F074A8E495}.Debug|x64.ActiveCfg = Debug|x64
		{B8ABC302-E9B5-4732-BE68-19F074A8E495}.Debug|x64.Build.0 = Debug|x64
		{B8ABC302-E9B5-4732-BE68-19F074A8E495}.Debug|x86.ActiveCfg = Debug|Win32
		{B8ABC302-E9B5-4732-BE68-19F074A8E495}.Debug|x86.Build.0 = Debug|Win32
		{B8ABC302-E9B5-4732-BE68-19F074A8E495}.Release|x64.ActiveCfg = Release|x64
		{B8ABC302-E9B5-4732-BE68-19F074A8E495}.Release|x64.Build.0 = Release|x64
		{B8ABC302-E9B5-4732-BE68-19F074A8E495}.Release|x86.ActiveCfg = Release|Win32
		{B8ABC302-E9B5-4732-BE68-19F074A8E495}.Release|x86.Build.0 = Release|Win32
		{B178D938-F4CB-486A-B2D1-9FC8805B0A8F}.Debug|x64.ActiveCfg = Debug|x64
		{B178D938-F4CB-486A-B2D1-9FC8805B0A8F}.Debug|x64.Build.0 = Debug|x64
		{B178D938-F4CB-486A-B2D1-9FC8805B0A8F}.Debug|x86.ActiveCfg = Debug|Win32
		{B178D938-F4CB-486A-B2D1-9FC8805B0A8F}.Debug|x86.Build.0 = Debug|Win32
		{B178D938-F4CB-486A-B2D1-9FC8805B0A8F}.Release|x64.ActiveCfg = Release|x64
		{B178D938-F4CB-486A-B2D1-9FC8805B0A8F}.Release|x64.Build.0 = Release|x64
		{B178D938-F4CB-486A-B2D1-9FC8805B0A8F}.Release|x86.ActiveCfg = Release|Win32
		{B178D938-F4CB-486A-B2D1-9FC8805B0A8F}.Release|x86.Build.0 = Release|Win32
		{DEE29E45-D86A-40AB-939C-B5BC9FDA747D}.Debug|x64.ActiveCfg = Debug|x64
		{DEE29E45-D86A-40AB-939C-B5BC9FDA747D}.Debug|x64.Build.0 = Debug|x64
		{DEE29E45-D86A-40AB-939C-B5BC9FDA747D}.Debug|x86.ActiveCfg = Debug|Win32
		{DEE29E45-D86A-40AB-939C-B5BC9FDA747D}.Debug|x86.Build.0 = Debug|Win32
		{DEE29E45-D86A-40AB-939C-B5BC9FDA747D}.Release|x64.ActiveCfg = Release|x64
		{DEE29E45-D86A-40AB-939C-B5BC9FDA747D}.Release|x64.Build.0 = Release|x64
		{DEE29E45-D86A-40AB-939C-B5BC9FDA747D}.Release|x86.ActiveCfg = Release|Win32
		{DEE29E45-D86A-40AB-939C-B5BC9FDA747D}.Release|x86.Build.0 = Release|Win32
		{9411A156-3782-4CA5-8288-DFBFA1062301}.Debug|x64.ActiveCfg = Debug|x64
		{9411A156-3782-4CA5-8288-DFBFA1062301}.Debug|x64.Build.0 = Debug|x64
		{9411A156-3782-4CA5-8288-DFBFA1062301}.Debug|x86.ActiveCfg = Debug|Win32
		{9411A156-3782-4CA5-8288-DFBFA1062301}.Debug|x86.Build.0 = Debug|Win32
		{9411A156-3782-4CA5-8288-DFBFA1062301}.Release|x64.ActiveCfg = Release|x64
		{9411A156-3782-4CA5-8288-DFBFA1062301}.Release|x64.Build.0 = Release|x64
		{9411A156-3782-4CA5-8288-DFBFA1062301}.Release|x86.ActiveCfg = Release|Win32
		{9411A156-3782-4CA5-8288-DFBFA1062301}.Release|x86.Build.0 = Release|Win32
		{731A8558-281E-4F30-8E4C-A5385BCBFB3E}.Debug|x64.ActiveCfg = Debug|x64
		{731A8558-281E-4F30-8E4C-A5385BCBFB3E}.Debug|x64.Build.0 = Debug|x64
		{731A8558-281E-4F30-8E4C-A5385BCBFB3E}.Debug|x86.ActiveCfg = Debug|Win32
		{731A8558-281E-4F30-8E4C-A5385BCBFB3E}.Debug|x86.Build.0 = Debug|Win32
		{731A8558-281E-4F30-8E4C-A5385BCBFB3E}.Release|x64.ActiveCfg = Release|x64
		{731A8558-281E-4F30-8E4C-A5385BCBFB3E}.Release|x64.Build.0 = Release|x64
		{731A8558-281E-4F30-8E4C-A5385BCBFB3E}.Release|x86.ActiveCfg = Release|Win32
		{731A8558-281E-4F30-8E4C-A5385BCBFB3E}.Release|x86.Build.0 = Release|Win32
		{1FAFB9D2-D985-4AFC-B2D8-F666900A1C3C}.Debug|x64.ActiveCfg = Debug|x64
		{1FAFB9D2-D985-4AFC-B2D8-F666900A1C3C}.Debug|x64.Build.0 = Debug|x64
		{1FAFB9D2-D985-4AFC-B2D8-F666900A1C3C}.Debug|x86.ActiveCfg = Debug|Win32
		{1FAFB9D2-D985-4AFC-B2D8-F666900A1C3C}.Debug|x86.Build.0 = Debug|Win32
		{1FAFB9D2-D985-4AFC-B2D8-F666900A1C3C}.Release|x64.ActiveCfg = Release|x64
		{1FAFB9D2-D985-4AFC-B2D8-F666900A1C3C}.Release|x64.Build.0 = Release|x64
		{1FAFB9D2-D985-4AFC-B2D8-F666900A1C3C}.Release|x86.ActiveCfg = Release|Win32
		{1FAFB9D2-D985-4AFC-B2D8-F666900A1C3C}.Release|x86.Build.0 = Release|Win32
		{CA096324-8CCE-46AE-A223-A36B879A4B82}.Debug|x64.ActiveCfg = Debug|x64
		{CA096324-8CCE-46AE-A223-A36B879A4B82}.Debug|x64.Build.0 = Debug|x64
		{CA096324-8CCE-46AE-A223-A36B879A4B82}.Debug|x86.ActiveCfg = Debug|Win32
		{CA096324-8CCE-46AE-A223-A36B879A4B82}.Debug|x86.Build.0 = Debug|Win32
		{CA096324-8CCE-46AE-A223-A36B879A4B82}.Release|x64.ActiveCfg = Release|x64
		{CA096324-8CCE-46AE-A223-A36B879A4B82}.Release|x64.Build.0 = Release|x64
		{CA096324-8CCE-46AE-A223-A36B879A4B82}.Release|x86.ActiveCfg = Release|Win32
		{CA096324-8CCE-46AE-A223-A36B879A4B82}.Release|x86.Build.0 = Release|Win32
		{A6270C65-BF53-4008-AB26-DB1006EBF4B9}.Debug|x64.ActiveCfg = Debug|x64
		{A6270C65-BF53-4008-AB26-DB1006EBF4B9}.Debug|x64.Build.0 = Debug|x64
		{A6270C65-BF53-4008-AB26-DB1006EBF4B9}.Debug|x86.ActiveCfg = Debug|Win32
		{A6270C65-BF53-4008-AB26-DB1006EBF4B9}.Debug|x86.Build.0 = Debug|Win32
		{A6270C65-BF53-4008-AB26-DB1006EBF4B9}.Release|x64.ActiveCfg = Release|x64
		{A6270C65-BF53-4008-AB26-DB1006EBF4B9}.Release|x64.Build.0 = Release|x64
		{A6270C65-BF53-4008-AB26-DB1006EBF4B9}.Release|x86.ActiveCfg = Release|Win32
		{A6270C65-BF53-4008-AB26-DB1006EBF4B9}.Release|x86.Build.0 = Release|Win32
		{6F2327B9-F507-4494-ABC0-8FCCA6D11DC6}.Debug|x64.ActiveCfg = Debug|x64
		{6F2327B9-F507-4494-ABC0-8FCCA6D11DC6}.Debug|x64.Build.0 = Debug|x64
		{6F2327B9-F507-4494-ABC0-8FCCA6D11DC6}.Debug|x86.ActiveCfg = Debug|Win32
		{6F2327B9-F507-4494-ABC0-8FCCA6D11DC6}.Debug|x86.Build.0 = Debug|Win32
		{6F2327B9-F507-4494-ABC0-8FCCA6D11DC6}.Release|x64.ActiveCfg = Release|x64
		{6F2327B9-F507-4494-ABC0-8FCCA6D11DC6}.Release|x64.Build.0 = Release|x64
		{6F2327B9-F507-4494-ABC0-8FCCA6D11DC6}.Release|x86.ActiveCfg = Release|Win32
		{6F2327B9-F507-4494-ABC0-8FCCA6D11DC6}.Release|x86.Build.0 = Release|Win32
		{9FDFE5CB-C49E-4A03-B435-75A12F4BEC7A}.Debug|x64.ActiveCfg = Debug|x64
		{9FDFE5CB-C49E-4A03-B435-75A12F4BEC7A}.Debug|x64.Build.0 = Debug|x64
		{9FDFE5CB-C49E-4A03-B435-75A12F4BEC7A}.Debug|x86.ActiveCfg = Debug|Win32
		{9FDFE5CB-C49E-4A03-B435-75A12F4BEC7A}.Debug|x86.Build.0 = Debug|Win32
		{9FDFE5CB-C49E-4A03-B435-75A12F4BEC7A}.Release|x64.ActiveCfg = Release|x64
		{9FDFE5CB-C49E-4A03-B435-75A12F4BEC7A}.Release|x64.Build.0 = Release|x64
		{9FDFE5CB-C49E-4A03-B435-75A12F4BEC7A}.Release|x86.ActiveCfg = Release|Win32
		{9FDFE5CB-C49E-4A03-B435-75A12F4BEC7A}.Release|x86.Build.0 = Release|Win32
		{A82A6734-A9A4-4716-853D-E560E8A300C8}.Debug|x64.ActiveCfg = Debug|x64
		{A82A6734-A9A4-4716-853D-E560E8A300C8}.Debug|x64.Build.0 = Debug|x64
		{A82A6734-A9A4-4716-853D-E560E8A300C8}.Debug|x86.ActiveCfg = Debug|Win32
		{A82A6734-A9A4-4716-853D-E560E8A300C8}.Debug|x86.Build.0 = Debug|Win32
		{A82A6734-A9A4-4716-853D-E560E8A300C8}.Release|x64.ActiveCfg = Release|x64
		{A82A6734-A9A4-4716-853D-E560E8A300C8}.Release|x64.Build.0 = Release|x64
		{A82A6734-A9A4-4716-853D-E560E8A300C8}.Release|x86.ActiveCfg = Release|Win32
		{A82A6734-A9A4-4716-853D-E560E8A300C8}.Release|x86.Build.0 = Release|Win32
	EndGlobalSection
	GlobalSection(SolutionProperties) = preSolution
		HideSolutionNode = FALSE
	EndGlobalSection
	GlobalSection(ExtensibilityGlobals) = postSolution
		SolutionGuid = {91EE363F-F975-4A9F-A67F-7C157F6D2C34}
	EndGlobalSection
EndGlobal
