
Microsoft Visual Studio Solution File, Format Version 12.00
# Visual Studio Version 17
VisualStudioVersion = 17.9.34607.119
MinimumVisualStudioVersion = 10.0.40219.1
Project("{FAE04EC0-301F-11D3-BF4B-00C04F79EFBC}") = "Lishyk253502Calculator", "Lishyk253502Calculator.csproj", "{9BCA62E2-5645-4C3C-99FD-84B68D1BB6C9}"
EndProject
Global
	GlobalSection(SolutionConfigurationPlatforms) = preSolution
		Debug|Any CPU = Debug|Any CPU
		Release|Any CPU = Release|Any CPU
	EndGlobalSection
	GlobalSection(ProjectConfigurationPlatforms) = postSolution
		{9BCA62E2-5645-4C3C-99FD-84B68D1BB6C9}.Debug|Any CPU.ActiveCfg = Debug|Any CPU
		{9BCA62E2-5645-4C3C-99FD-84B68D1BB6C9}.Debug|Any CPU.Build.0 = Debug|Any CPU
		{9BCA62E2-5645-4C3C-99FD-84B68D1BB6C9}.Debug|Any CPU.Deploy.0 = Debug|Any CPU
		{9BCA62E2-5645-4C3C-99FD-84B68D1BB6C9}.Release|Any CPU.ActiveCfg = Release|Any CPU
		{9BCA62E2-5645-4C3C-99FD-84B68D1BB6C9}.Release|Any CPU.Build.0 = Release|Any CPU
		{9BCA62E2-5645-4C3C-99FD-84B68D1BB6C9}.Release|Any CPU.Deploy.0 = Release|Any CPU
	EndGlobalSection
	GlobalSection(SolutionProperties) = preSolution
		HideSolutionNode = FALSE
	EndGlobalSection
	GlobalSection(ExtensibilityGlobals) = postSolution
		SolutionGuid = {1E81769A-E571-4010-8CB4-07B8DA96AD8E}
	EndGlobalSection
EndGlobal
